// !$*UTF8*$!
{
	archiveVersion = 1;
	classes = {
	};
	objectVersion = 50;
	objects = {

/* Begin PBXBuildFile section */
		FD2079FE232CD15E00AAE73D /* payment-1.pdf in Resources */ = {isa = PBXBuildFile; fileRef = FD2079FD232CD15E00AAE73D /* payment-1.pdf */; };
		FD6E9D08232A36E6007721DC /* AppDelegate.m in Sources */ = {isa = PBXBuildFile; fileRef = FD6E9D07232A36E6007721DC /* AppDelegate.m */; };
		FD6E9D0B232A36E6007721DC /* ViewController.m in Sources */ = {isa = PBXBuildFile; fileRef = FD6E9D0A232A36E6007721DC /* ViewController.m */; };
		FD6E9D0E232A36E6007721DC /* Main.storyboard in Resources */ = {isa = PBXBuildFile; fileRef = FD6E9D0C232A36E6007721DC /* Main.storyboard */; };
		FD6E9D13232A36E8007721DC /* Assets.xcassets in Resources */ = {isa = PBXBuildFile; fileRef = FD6E9D12232A36E8007721DC /* Assets.xcassets */; };
		FD6E9D16232A36E8007721DC /* LaunchScreen.storyboard in Resources */ = {isa = PBXBuildFile; fileRef = FD6E9D14232A36E8007721DC /* LaunchScreen.storyboard */; };
		FD6E9D19232A36E8007721DC /* main.m in Sources */ = {isa = PBXBuildFile; fileRef = FD6E9D18232A36E8007721DC /* main.m */; };
		FD6E9D23232A373B007721DC /* englishDictijnary.pdf in Resources */ = {isa = PBXBuildFile; fileRef = FD6E9D22232A373B007721DC /* englishDictijnary.pdf */; };
		FD6E9D26232A38D2007721DC /* PDFKit.framework in Frameworks */ = {isa = PBXBuildFile; fileRef = FD6E9D25232A38D2007721DC /* PDFKit.framework */; };
		FD6E9D29232A67B5007721DC /* AVTextView.m in Sources */ = {isa = PBXBuildFile; fileRef = FD6E9D28232A67B5007721DC /* AVTextView.m */; };
		FD6E9D2C232A6B25007721DC /* AVDictionary.m in Sources */ = {isa = PBXBuildFile; fileRef = FD6E9D2B232A6B25007721DC /* AVDictionary.m */; };
		FD891866233376E300C83E88 /* AVObjectElement.m in Sources */ = {isa = PBXBuildFile; fileRef = FD891865233376E300C83E88 /* AVObjectElement.m */; };
/* End PBXBuildFile section */

/* Begin PBXFileReference section */
		FD2079FD232CD15E00AAE73D /* payment-1.pdf */ = {isa = PBXFileReference; lastKnownFileType = image.pdf; path = "payment-1.pdf"; sourceTree = "<group>"; };
		FD6E9D03232A36E6007721DC /* Dictionary.app */ = {isa = PBXFileReference; explicitFileType = wrapper.application; includeInIndex = 0; path = Dictionary.app; sourceTree = BUILT_PRODUCTS_DIR; };
		FD6E9D06232A36E6007721DC /* AppDelegate.h */ = {isa = PBXFileReference; lastKnownFileType = sourcecode.c.h; path = AppDelegate.h; sourceTree = "<group>"; };
		FD6E9D07232A36E6007721DC /* AppDelegate.m */ = {isa = PBXFileReference; lastKnownFileType = sourcecode.c.objc; path = AppDelegate.m; sourceTree = "<group>"; };
		FD6E9D09232A36E6007721DC /* ViewController.h */ = {isa = PBXFileReference; lastKnownFileType = sourcecode.c.h; path = ViewController.h; sourceTree = "<group>"; };
		FD6E9D0A232A36E6007721DC /* ViewController.m */ = {isa = PBXFileReference; lastKnownFileType = sourcecode.c.objc; path = ViewController.m; sourceTree = "<group>"; };
		FD6E9D0D232A36E6007721DC /* Base */ = {isa = PBXFileReference; lastKnownFileType = file.storyboard; name = Base; path = Base.lproj/Main.storyboard; sourceTree = "<group>"; };
		FD6E9D12232A36E8007721DC /* Assets.xcassets */ = {isa = PBXFileReference; lastKnownFileType = folder.assetcatalog; path = Assets.xcassets; sourceTree = "<group>"; };
		FD6E9D15232A36E8007721DC /* Base */ = {isa = PBXFileReference; lastKnownFileType = file.storyboard; name = Base; path = Base.lproj/LaunchScreen.storyboard; sourceTree = "<group>"; };
		FD6E9D17232A36E8007721DC /* Info.plist */ = {isa = PBXFileReference; lastKnownFileType = text.plist.xml; path = Info.plist; sourceTree = "<group>"; };
		FD6E9D18232A36E8007721DC /* main.m */ = {isa = PBXFileReference; lastKnownFileType = sourcecode.c.objc; path = main.m; sourceTree = "<group>"; };
		FD6E9D22232A373B007721DC /* englishDictijnary.pdf */ = {isa = PBXFileReference; lastKnownFileType = image.pdf; path = englishDictijnary.pdf; sourceTree = "<group>"; };
		FD6E9D25232A38D2007721DC /* PDFKit.framework */ = {isa = PBXFileReference; lastKnownFileType = wrapper.framework; name = PDFKit.framework; path = System/Library/Frameworks/PDFKit.framework; sourceTree = SDKROOT; };
		FD6E9D27232A67B5007721DC /* AVTextView.h */ = {isa = PBXFileReference; lastKnownFileType = sourcecode.c.h; path = AVTextView.h; sourceTree = "<group>"; };
		FD6E9D28232A67B5007721DC /* AVTextView.m */ = {isa = PBXFileReference; lastKnownFileType = sourcecode.c.objc; path = AVTextView.m; sourceTree = "<group>"; };
		FD6E9D2A232A6B25007721DC /* AVDictionary.h */ = {isa = PBXFileReference; lastKnownFileType = sourcecode.c.h; path = AVDictionary.h; sourceTree = "<group>"; };
		FD6E9D2B232A6B25007721DC /* AVDictionary.m */ = {isa = PBXFileReference; lastKnownFileType = sourcecode.c.objc; path = AVDictionary.m; sourceTree = "<group>"; };
		FD891864233376E300C83E88 /* AVObjectElement.h */ = {isa = PBXFileReference; lastKnownFileType = sourcecode.c.h; path = AVObjectElement.h; sourceTree = "<group>"; };
		FD891865233376E300C83E88 /* AVObjectElement.m */ = {isa = PBXFileReference; lastKnownFileType = sourcecode.c.objc; path = AVObjectElement.m; sourceTree = "<group>"; };
/* End PBXFileReference section */

/* Begin PBXFrameworksBuildPhase section */
		FD6E9D00232A36E6007721DC /* Frameworks */ = {
			isa = PBXFrameworksBuildPhase;
			buildActionMask = 2147483647;
			files = (
				FD6E9D26232A38D2007721DC /* PDFKit.framework in Frameworks */,
			);
			runOnlyForDeploymentPostprocessing = 0;
		};
/* End PBXFrameworksBuildPhase section */

/* Begin PBXGroup section */
		FD6E9CFA232A36E6007721DC = {
			isa = PBXGroup;
			children = (
				FD6E9D05232A36E6007721DC /* Dictionary */,
				FD6E9D04232A36E6007721DC /* Products */,
				FD6E9D24232A38D2007721DC /* Frameworks */,
			);
			sourceTree = "<group>";
		};
		FD6E9D04232A36E6007721DC /* Products */ = {
			isa = PBXGroup;
			children = (
				FD6E9D03232A36E6007721DC /* Dictionary.app */,
			);
			name = Products;
			sourceTree = "<group>";
		};
		FD6E9D05232A36E6007721DC /* Dictionary */ = {
			isa = PBXGroup;
			children = (
				FD6E9D27232A67B5007721DC /* AVTextView.h */,
				FD6E9D28232A67B5007721DC /* AVTextView.m */,
				FD6E9D2A232A6B25007721DC /* AVDictionary.h */,
				FD6E9D2B232A6B25007721DC /* AVDictionary.m */,
				FD6E9D06232A36E6007721DC /* AppDelegate.h */,
				FD6E9D07232A36E6007721DC /* AppDelegate.m */,
				FD6E9D09232A36E6007721DC /* ViewController.h */,
				FD6E9D0A232A36E6007721DC /* ViewController.m */,
				FD891864233376E300C83E88 /* AVObjectElement.h */,
				FD891865233376E300C83E88 /* AVObjectElement.m */,
				FD6E9D0C232A36E6007721DC /* Main.storyboard */,
				FD6E9D12232A36E8007721DC /* Assets.xcassets */,
				FD6E9D14232A36E8007721DC /* LaunchScreen.storyboard */,
				FD6E9D17232A36E8007721DC /* Info.plist */,
				FD6E9D18232A36E8007721DC /* main.m */,
				FD6E9D22232A373B007721DC /* englishDictijnary.pdf */,
				FD2079FD232CD15E00AAE73D /* payment-1.pdf */,
			);
			path = Dictionary;
			sourceTree = "<group>";
		};
		FD6E9D24232A38D2007721DC /* Frameworks */ = {
			isa = PBXGroup;
			children = (
				FD6E9D25232A38D2007721DC /* PDFKit.framework */,
			);
			name = Frameworks;
			sourceTree = "<group>";
		};
/* End PBXGroup section */

/* Begin PBXNativeTarget section */
		FD6E9D02232A36E6007721DC /* Dictionary */ = {
			isa = PBXNativeTarget;
			buildConfigurationList = FD6E9D1C232A36E8007721DC /* Build configuration list for PBXNativeTarget "Dictionary" */;
			buildPhases = (
				FD6E9CFF232A36E6007721DC /* Sources */,
				FD6E9D00232A36E6007721DC /* Frameworks */,
				FD6E9D01232A36E6007721DC /* Resources */,
			);
			buildRules = (
			);
			dependencies = (
			);
			name = Dictionary;
			productName = Dictionary;
			productReference = FD6E9D03232A36E6007721DC /* Dictionary.app */;
			productType = "com.apple.product-type.application";
		};
/* End PBXNativeTarget section */

/* Begin PBXProject section */
		FD6E9CFB232A36E6007721DC /* Project object */ = {
			isa = PBXProject;
			attributes = {
				LastUpgradeCheck = 1020;
				ORGANIZATIONNAME = AnatolyRyavkin;
				TargetAttributes = {
					FD6E9D02232A36E6007721DC = {
						CreatedOnToolsVersion = 10.2.1;
					};
				};
			};
			buildConfigurationList = FD6E9CFE232A36E6007721DC /* Build configuration list for PBXProject "Dictionary" */;
			compatibilityVersion = "Xcode 9.3";
			developmentRegion = en;
			hasScannedForEncodings = 0;
			knownRegions = (
				en,
				Base,
			);
			mainGroup = FD6E9CFA232A36E6007721DC;
			productRefGroup = FD6E9D04232A36E6007721DC /* Products */;
			projectDirPath = "";
			projectRoot = "";
			targets = (
				FD6E9D02232A36E6007721DC /* Dictionary */,
			);
		};
/* End PBXProject section */

/* Begin PBXResourcesBuildPhase section */
		FD6E9D01232A36E6007721DC /* Resources */ = {
			isa = PBXResourcesBuildPhase;
			buildActionMask = 2147483647;
			files = (
				FD2079FE232CD15E00AAE73D /* payment-1.pdf in Resources */,
				FD6E9D23232A373B007721DC /* englishDictijnary.pdf in Resources */,
				FD6E9D16232A36E8007721DC /* LaunchScreen.storyboard in Resources */,
				FD6E9D13232A36E8007721DC /* Assets.xcassets in Resources */,
				FD6E9D0E232A36E6007721DC /* Main.storyboard in Resources */,
			);
			runOnlyForDeploymentPostprocessing = 0;
		};
/* End PBXResourcesBuildPhase section */

/* Begin PBXSourcesBuildPhase section */
		FD6E9CFF232A36E6007721DC /* Sources */ = {
			isa = PBXSourcesBuildPhase;
			buildActionMask = 2147483647;
			files = (
				FD6E9D29232A67B5007721DC /* AVTextView.m in Sources */,
				FD6E9D0B232A36E6007721DC /* ViewController.m in Sources */,
				FD891866233376E300C83E88 /* AVObjectElement.m in Sources */,
				FD6E9D2C232A6B25007721DC /* AVDictionary.m in Sources */,
				FD6E9D19232A36E8007721DC /* main.m in Sources */,
				FD6E9D08232A36E6007721DC /* AppDelegate.m in Sources */,
			);
			runOnlyForDeploymentPostprocessing = 0;
		};
/* End PBXSourcesBuildPhase section */

/* Begin PBXVariantGroup section */
		FD6E9D0C232A36E6007721DC /* Main.storyboard */ = {
			isa = PBXVariantGroup;
			children = (
				FD6E9D0D232A36E6007721DC /* Base */,
			);
			name = Main.storyboard;
			sourceTree = "<group>";
		};
		FD6E9D14232A36E8007721DC /* LaunchScreen.storyboard */ = {
			isa = PBXVariantGroup;
			children = (
				FD6E9D15232A36E8007721DC /* Base */,
			);
			name = LaunchScreen.storyboard;
			sourceTree = "<group>";
		};
/* End PBXVariantGroup section */

/* Begin XCBuildConfiguration section */
		FD6E9D1A232A36E8007721DC /* Debug */ = {
			isa = XCBuildConfiguration;
			buildSettings = {
				ALWAYS_SEARCH_USER_PATHS = NO;
				CLANG_ANALYZER_NONNULL = YES;
				CLANG_ANALYZER_NUMBER_OBJECT_CONVERSION = YES_AGGRESSIVE;
				CLANG_CXX_LANGUAGE_STANDARD = "gnu++14";
				CLANG_CXX_LIBRARY = "libc++";
				CLANG_ENABLE_MODULES = YES;
				CLANG_ENABLE_OBJC_ARC = YES;
				CLANG_ENABLE_OBJC_WEAK = YES;
				CLANG_WARN_BLOCK_CAPTURE_AUTORELEASING = YES;
				CLANG_WARN_BOOL_CONVERSION = YES;
				CLANG_WARN_COMMA = YES;
				CLANG_WARN_CONSTANT_CONVERSION = YES;
				CLANG_WARN_DEPRECATED_OBJC_IMPLEMENTATIONS = YES;
				CLANG_WARN_DIRECT_OBJC_ISA_USAGE = YES_ERROR;
				CLANG_WARN_DOCUMENTATION_COMMENTS = YES;
				CLANG_WARN_EMPTY_BODY = YES;
				CLANG_WARN_ENUM_CONVERSION = YES;
				CLANG_WARN_INFINITE_RECURSION = YES;
				CLANG_WARN_INT_CONVERSION = YES;
				CLANG_WARN_NON_LITERAL_NULL_CONVERSION = YES;
				CLANG_WARN_OBJC_IMPLICIT_RETAIN_SELF = YES;
				CLANG_WARN_OBJC_LITERAL_CONVERSION = YES;
				CLANG_WARN_OBJC_ROOT_CLASS = YES_ERROR;
				CLANG_WARN_RANGE_LOOP_ANALYSIS = YES;
				CLANG_WARN_STRICT_PROTOTYPES = YES;
				CLANG_WARN_SUSPICIOUS_MOVE = YES;
				CLANG_WARN_UNGUARDED_AVAILABILITY = YES_AGGRESSIVE;
				CLANG_WARN_UNREACHABLE_CODE = YES;
				CLANG_WARN__DUPLICATE_METHOD_MATCH = YES;
				CODE_SIGN_IDENTITY = "iPhone Developer";
				COPY_PHASE_STRIP = NO;
				DEBUG_INFORMATION_FORMAT = dwarf;
				ENABLE_STRICT_OBJC_MSGSEND = YES;
				ENABLE_TESTABILITY = YES;
				GCC_C_LANGUAGE_STANDARD = gnu11;
				GCC_DYNAMIC_NO_PIC = NO;
				GCC_NO_COMMON_BLOCKS = YES;
				GCC_OPTIMIZATION_LEVEL = 0;
				GCC_PREPROCESSOR_DEFINITIONS = (
					"DEBUG=1",
					"$(inherited)",
				);
				GCC_WARN_64_TO_32_BIT_CONVERSION = YES;
				GCC_WARN_ABOUT_RETURN_TYPE = YES_ERROR;
				GCC_WARN_UNDECLARED_SELECTOR = YES;
				GCC_WARN_UNINITIALIZED_AUTOS = YES_AGGRESSIVE;
				GCC_WARN_UNUSED_FUNCTION = YES;
				GCC_WARN_UNUSED_VARIABLE = YES;
				IPHONEOS_DEPLOYMENT_TARGET = 12.2;
				MTL_ENABLE_DEBUG_INFO = INCLUDE_SOURCE;
				MTL_FAST_MATH = YES;
				ONLY_ACTIVE_ARCH = YES;
				SDKROOT = iphoneos;
			};
			name = Debug;
		};
		FD6E9D1B232A36E8007721DC /* Release */ = {
			isa = XCBuildConfiguration;
			buildSettings = {
				ALWAYS_SEARCH_USER_PATHS = NO;
				CLANG_ANALYZER_NONNULL = YES;
				CLANG_ANALYZER_NUMBER_OBJECT_CONVERSION = YES_AGGRESSIVE;
				CLANG_CXX_LANGUAGE_STANDARD = "gnu++14";
				CLANG_CXX_LIBRARY = "libc++";
				CLANG_ENABLE_MODULES = YES;
				CLANG_ENABLE_OBJC_ARC = YES;
				CLANG_ENABLE_OBJC_WEAK = YES;
				CLANG_WARN_BLOCK_CAPTURE_AUTORELEASING = YES;
				CLANG_WARN_BOOL_CONVERSION = YES;
				CLANG_WARN_COMMA = YES;
				CLANG_WARN_CONSTANT_CONVERSION = YES;
				CLANG_WARN_DEPRECATED_OBJC_IMPLEMENTATIONS = YES;
				CLANG_WARN_DIRECT_OBJC_ISA_USAGE = YES_ERROR;
				CLANG_WARN_DOCUMENTATION_COMMENTS = YES;
				CLANG_WARN_EMPTY_BODY = YES;
				CLANG_WARN_ENUM_CONVERSION = YES;
				CLANG_WARN_INFINITE_RECURSION = YES;
				CLANG_WARN_INT_CONVERSION = YES;
				CLANG_WARN_NON_LITERAL_NULL_CONVERSION = YES;
				CLANG_WARN_OBJC_IMPLICIT_RETAIN_SELF = YES;
				CLANG_WARN_OBJC_LITERAL_CONVERSION = YES;
				CLANG_WARN_OBJC_ROOT_CLASS = YES_ERROR;
				CLANG_WARN_RANGE_LOOP_ANALYSIS = YES;
				CLANG_WARN_STRICT_PROTOTYPES = YES;
				CLANG_WARN_SUSPICIOUS_MOVE = YES;
				CLANG_WARN_UNGUARDED_AVAILABILITY = YES_AGGRESSIVE;
				CLANG_WARN_UNREACHABLE_CODE = YES;
				CLANG_WARN__DUPLICATE_METHOD_MATCH = YES;
				CODE_SIGN_IDENTITY = "iPhone Developer";
				COPY_PHASE_STRIP = NO;
				DEBUG_INFORMATION_FORMAT = "dwarf-with-dsym";
				ENABLE_NS_ASSERTIONS = NO;
				ENABLE_STRICT_OBJC_MSGSEND = YES;
				GCC_C_LANGUAGE_STANDARD = gnu11;
				GCC_NO_COMMON_BLOCKS = YES;
				GCC_WARN_64_TO_32_BIT_CONVERSION = YES;
				GCC_WARN_ABOUT_RETURN_TYPE = YES_ERROR;
				GCC_WARN_UNDECLARED_SELECTOR = YES;
				GCC_WARN_UNINITIALIZED_AUTOS = YES_AGGRESSIVE;
				GCC_WARN_UNUSED_FUNCTION = YES;
				GCC_WARN_UNUSED_VARIABLE = YES;
				IPHONEOS_DEPLOYMENT_TARGET = 12.2;
				MTL_ENABLE_DEBUG_INFO = NO;
				MTL_FAST_MATH = YES;
				SDKROOT = iphoneos;
				VALIDATE_PRODUCT = YES;
			};
			name = Release;
		};
		FD6E9D1D232A36E8007721DC /* Debug */ = {
			isa = XCBuildConfiguration;
			buildSettings = {
				ASSETCATALOG_COMPILER_APPICON_NAME = AppIcon;
				CODE_SIGN_STYLE = Automatic;
				DEVELOPMENT_TEAM = 92NKZ7998L;
				INFOPLIST_FILE = Dictionary/Info.plist;
				LD_RUNPATH_SEARCH_PATHS = (
					"$(inherited)",
					"@executable_path/Frameworks",
				);
				PRODUCT_BUNDLE_IDENTIFIER = AnatatolyRyavkin.Dictionary;
				PRODUCT_NAME = "$(TARGET_NAME)";
				TARGETED_DEVICE_FAMILY = "1,2";
			};
			name = Debug;
		};
		FD6E9D1E232A36E8007721DC /* Release */ = {
			isa = XCBuildConfiguration;
			buildSettings = {
				ASSETCATALOG_COMPILER_APPICON_NAME = AppIcon;
				CODE_SIGN_STYLE = Automatic;
				DEVELOPMENT_TEAM = 92NKZ7998L;
				INFOPLIST_FILE = Dictionary/Info.plist;
				LD_RUNPATH_SEARCH_PATHS = (
					"$(inherited)",
					"@executable_path/Frameworks",
				);
				PRODUCT_BUNDLE_IDENTIFIER = AnatatolyRyavkin.Dictionary;
				PRODUCT_NAME = "$(TARGET_NAME)";
				TARGETED_DEVICE_FAMILY = "1,2";
			};
			name = Release;
		};
/* End XCBuildConfiguration section */

/* Begin XCConfigurationList section */
		FD6E9CFE232A36E6007721DC /* Build configuration list for PBXProject "Dictionary" */ = {
			isa = XCConfigurationList;
			buildConfigurations = (
				FD6E9D1A232A36E8007721DC /* Debug */,
				FD6E9D1B232A36E8007721DC /* Release */,
			);
			defaultConfigurationIsVisible = 0;
			defaultConfigurationName = Release;
		};
		FD6E9D1C232A36E8007721DC /* Build configuration list for PBXNativeTarget "Dictionary" */ = {
			isa = XCConfigurationList;
			buildConfigurations = (
				FD6E9D1D232A36E8007721DC /* Debug */,
				FD6E9D1E232A36E8007721DC /* Release */,
			);
			defaultConfigurationIsVisible = 0;
			defaultConfigurationName = Release;
		};
/* End XCConfigurationList section */
	};
	rootObject = FD6E9CFB232A36E6007721DC /* Project object */;
}
